
Microsoft Visual Studio Solution File, Format Version 12.00
# Visual Studio Version 16
VisualStudioVersion = 16.0.810.8
MinimumVisualStudioVersion = 10.0.40219.1
Project("{FAE04EC0-301F-11D3-BF4B-00C04F79EFBC}") = "test_MOnitoring", "test_MOnitoring\test_MOnitoring.csproj", "{0F0F66C9-C5C5-4DA9-B189-4152DDA77062}"
EndProject
Project("{E53339B2-1760-4266-BCC7-CA923CBCF16C}") = "docker-compose", "docker-compose.dcproj", "{F4B9EAE4-8542-4798-AFA5-CB8E0DF5BDAF}"
EndProject
Global
	GlobalSection(SolutionConfigurationPlatforms) = preSolution
		Debug|Any CPU = Debug|Any CPU
		Release|Any CPU = Release|Any CPU
	EndGlobalSection
	GlobalSection(ProjectConfigurationPlatforms) = postSolution
		{0F0F66C9-C5C5-4DA9-B189-4152DDA77062}.Debug|Any CPU.ActiveCfg = Debug|Any CPU
		{0F0F66C9-C5C5-4DA9-B189-4152DDA77062}.Debug|Any CPU.Build.0 = Debug|Any CPU
		{0F0F66C9-C5C5-4DA9-B189-4152DDA77062}.Release|Any CPU.ActiveCfg = Release|Any CPU
		{0F0F66C9-C5C5-4DA9-B189-4152DDA77062}.Release|Any CPU.Build.0 = Release|Any CPU
		{F4B9EAE4-8542-4798-AFA5-CB8E0DF5BDAF}.Debug|Any CPU.ActiveCfg = Debug|Any CPU
		{F4B9EAE4-8542-4798-AFA5-CB8E0DF5BDAF}.Debug|Any CPU.Build.0 = Debug|Any CPU
		{F4B9EAE4-8542-4798-AFA5-CB8E0DF5BDAF}.Release|Any CPU.ActiveCfg = Release|Any CPU
		{F4B9EAE4-8542-4798-AFA5-CB8E0DF5BDAF}.Release|Any CPU.Build.0 = Release|Any CPU
	EndGlobalSection
	GlobalSection(SolutionProperties) = preSolution
		HideSolutionNode = FALSE
	EndGlobalSection
	GlobalSection(ExtensibilityGlobals) = postSolution
		SolutionGuid = {36332637-9925-48F7-8F18-8B5DC1EE8960}
	EndGlobalSection
EndGlobal
